
Microsoft Visual Studio Solution File, Format Version 12.00
# Visual Studio Version 16
VisualStudioVersion = 16.0.29424.173
MinimumVisualStudioVersion = 10.0.40219.1
Project("{8BC9CEB8-8B4A-11D0-8D11-00A0C91BC942}") = "DS_Lab13", "DS_Lab13\DS_Lab13.vcxproj", "{1C8A5D3A-7299-42D9-BD0F-F97E76ED9C74}"
EndProject
Global
	GlobalSection(SolutionConfigurationPlatforms) = preSolution
		Debug|x64 = Debug|x64
		Debug|x86 = Debug|x86
		Release|x64 = Release|x64
		Release|x86 = Release|x86
	EndGlobalSection
	GlobalSection(ProjectConfigurationPlatforms) = postSolution
		{1C8A5D3A-7299-42D9-BD0F-F97E76ED9C74}.Debug|x64.ActiveCfg = Debug|x64
		{1C8A5D3A-7299-42D9-BD0F-F97E76ED9C74}.Debug|x64.Build.0 = Debug|x64
		{1C8A5D3A-7299-42D9-BD0F-F97E76ED9C74}.Debug|x86.ActiveCfg = Debug|Win32
		{1C8A5D3A-7299-42D9-BD0F-F97E76ED9C74}.Debug|x86.Build.0 = Debug|Win32
		{1C8A5D3A-7299-42D9-BD0F-F97E76ED9C74}.Release|x64.ActiveCfg = Release|x64
		{1C8A5D3A-7299-42D9-BD0F-F97E76ED9C74}.Release|x64.Build.0 = Release|x64
		{1C8A5D3A-7299-42D9-BD0F-F97E76ED9C74}.Release|x86.ActiveCfg = Release|Win32
		{1C8A5D3A-7299-42D9-BD0F-F97E76ED9C74}.Release|x86.Build.0 = Release|Win32
	EndGlobalSection
	GlobalSection(SolutionProperties) = preSolution
		HideSolutionNode = FALSE
	EndGlobalSection
	GlobalSection(ExtensibilityGlobals) = postSolution
		SolutionGuid = {931E8AF3-B1B5-4E95-822C-190FC59DF9AD}
	EndGlobalSection
EndGlobal
